// !$*UTF8*$!
{
	archiveVersion = 1;
	classes = {
	};
	objectVersion = 56;
	objects = {

/* Begin PBXBuildFile section */
		3641DB2B2F2E9B2F00B98A71 /* GoogleSignIn in Frameworks */ = {isa = PBXBuildFile; productRef = 3641DB2A2F2E9B2F00B98A71 /* GoogleSignIn */; };
		3641DB2D2F2E9B2F00B98A71 /* GoogleSignInSwift in Frameworks */ = {isa = PBXBuildFile; productRef = 3641DB2C2F2E9B2F00B98A71 /* GoogleSignInSwift */; };
		A1000001 /* FREMApp.swift in Sources */ = {isa = PBXBuildFile; fileRef = B1000001 /* FREMApp.swift */; };
		A1000002 /* ContentView.swift in Sources */ = {isa = PBXBuildFile; fileRef = B1000002 /* ContentView.swift */; };
		A1000003 /* Assets.xcassets in Resources */ = {isa = PBXBuildFile; fileRef = B1000003 /* Assets.xcassets */; };
		A1000010 /* User.swift in Sources */ = {isa = PBXBuildFile; fileRef = B1000010 /* User.swift */; };
		A1000011 /* Transaction.swift in Sources */ = {isa = PBXBuildFile; fileRef = B1000011 /* Transaction.swift */; };
		A1000012 /* Goal.swift in Sources */ = {isa = PBXBuildFile; fileRef = B1000012 /* Goal.swift */; };
		A1000013 /* RecurringExpense.swift in Sources */ = {isa = PBXBuildFile; fileRef = B1000013 /* RecurringExpense.swift */; };
		A1000014 /* IncomeSource.swift in Sources */ = {isa = PBXBuildFile; fileRef = B1000014 /* IncomeSource.swift */; };
		A1000015 /* SideProject.swift in Sources */ = {isa = PBXBuildFile; fileRef = B1000015 /* SideProject.swift */; };
		A1000016 /* Milestone.swift in Sources */ = {isa = PBXBuildFile; fileRef = B1000016 /* Milestone.swift */; };
		A1000017 /* DashboardData.swift in Sources */ = {isa = PBXBuildFile; fileRef = B1000017 /* DashboardData.swift */; };
		A1000018 /* Projection.swift in Sources */ = {isa = PBXBuildFile; fileRef = B1000018 /* Projection.swift */; };
		A1000020 /* APIService.swift in Sources */ = {isa = PBXBuildFile; fileRef = B1000020 /* APIService.swift */; };
		A1000021 /* AuthService.swift in Sources */ = {isa = PBXBuildFile; fileRef = B1000021 /* AuthService.swift */; };
		A1000022 /* KeychainHelper.swift in Sources */ = {isa = PBXBuildFile; fileRef = B1000022 /* KeychainHelper.swift */; };
		A1000030 /* DashboardViewModel.swift in Sources */ = {isa = PBXBuildFile; fileRef = B1000030 /* DashboardViewModel.swift */; };
		A1000031 /* DailyViewModel.swift in Sources */ = {isa = PBXBuildFile; fileRef = B1000031 /* DailyViewModel.swift */; };
		A1000032 /* GoalsViewModel.swift in Sources */ = {isa = PBXBuildFile; fileRef = B1000032 /* GoalsViewModel.swift */; };
		A1000033 /* BudgetViewModel.swift in Sources */ = {isa = PBXBuildFile; fileRef = B1000033 /* BudgetViewModel.swift */; };
		A1000034 /* SummaryViewModel.swift in Sources */ = {isa = PBXBuildFile; fileRef = B1000034 /* SummaryViewModel.swift */; };
		A1000035 /* ChatViewModel.swift in Sources */ = {isa = PBXBuildFile; fileRef = B1000035 /* ChatViewModel.swift */; };
		A1000040 /* DashboardView.swift in Sources */ = {isa = PBXBuildFile; fileRef = B1000040 /* DashboardView.swift */; };
		A1000041 /* DailyView.swift in Sources */ = {isa = PBXBuildFile; fileRef = B1000041 /* DailyView.swift */; };
		A1000042 /* GoalsView.swift in Sources */ = {isa = PBXBuildFile; fileRef = B1000042 /* GoalsView.swift */; };
		A1000043 /* GoalFormView.swift in Sources */ = {isa = PBXBuildFile; fileRef = B1000043 /* GoalFormView.swift */; };
		A1000044 /* BudgetView.swift in Sources */ = {isa = PBXBuildFile; fileRef = B1000044 /* BudgetView.swift */; };
		A1000045 /* SummaryView.swift in Sources */ = {isa = PBXBuildFile; fileRef = B1000045 /* SummaryView.swift */; };
		A1000046 /* AIChatView.swift in Sources */ = {isa = PBXBuildFile; fileRef = B1000046 /* AIChatView.swift */; };
		A1000047 /* LoginView.swift in Sources */ = {isa = PBXBuildFile; fileRef = B1000047 /* LoginView.swift */; };
		A1000050 /* FREMCard.swift in Sources */ = {isa = PBXBuildFile; fileRef = B1000050 /* FREMCard.swift */; };
		A1000051 /* KPICard.swift in Sources */ = {isa = PBXBuildFile; fileRef = B1000051 /* KPICard.swift */; };
		A1000052 /* GoalProjectionCard.swift in Sources */ = {isa = PBXBuildFile; fileRef = B1000052 /* GoalProjectionCard.swift */; };
		A1000053 /* TransactionRow.swift in Sources */ = {isa = PBXBuildFile; fileRef = B1000053 /* TransactionRow.swift */; };
		A1000054 /* ProgressRing.swift in Sources */ = {isa = PBXBuildFile; fileRef = B1000054 /* ProgressRing.swift */; };
		A1000060 /* Theme.swift in Sources */ = {isa = PBXBuildFile; fileRef = B1000060 /* Theme.swift */; };
		A1000061 /* Extensions.swift in Sources */ = {isa = PBXBuildFile; fileRef = B1000061 /* Extensions.swift */; };
		A1000062 /* Constants.swift in Sources */ = {isa = PBXBuildFile; fileRef = B1000062 /* Constants.swift */; };
/* End PBXBuildFile section */

/* Begin PBXFileReference section */
		3641DB2E2F2E9EC100B98A71 /* Info.plist */ = {isa = PBXFileReference; lastKnownFileType = text.plist; path = Info.plist; sourceTree = "<group>"; };
		B1000001 /* FREMApp.swift */ = {isa = PBXFileReference; lastKnownFileType = sourcecode.swift; path = FREMApp.swift; sourceTree = "<group>"; };
		B1000002 /* ContentView.swift */ = {isa = PBXFileReference; lastKnownFileType = sourcecode.swift; path = ContentView.swift; sourceTree = "<group>"; };
		B1000003 /* Assets.xcassets */ = {isa = PBXFileReference; lastKnownFileType = folder.assetcatalog; path = Assets.xcassets; sourceTree = "<group>"; };
		B1000010 /* User.swift */ = {isa = PBXFileReference; lastKnownFileType = sourcecode.swift; path = User.swift; sourceTree = "<group>"; };
		B1000011 /* Transaction.swift */ = {isa = PBXFileReference; lastKnownFileType = sourcecode.swift; path = Transaction.swift; sourceTree = "<group>"; };
		B1000012 /* Goal.swift */ = {isa = PBXFileReference; lastKnownFileType = sourcecode.swift; path = Goal.swift; sourceTree = "<group>"; };
		B1000013 /* RecurringExpense.swift */ = {isa = PBXFileReference; lastKnownFileType = sourcecode.swift; path = RecurringExpense.swift; sourceTree = "<group>"; };
		B1000014 /* IncomeSource.swift */ = {isa = PBXFileReference; lastKnownFileType = sourcecode.swift; path = IncomeSource.swift; sourceTree = "<group>"; };
		B1000015 /* SideProject.swift */ = {isa = PBXFileReference; lastKnownFileType = sourcecode.swift; path = SideProject.swift; sourceTree = "<group>"; };
		B1000016 /* Milestone.swift */ = {isa = PBXFileReference; lastKnownFileType = sourcecode.swift; path = Milestone.swift; sourceTree = "<group>"; };
		B1000017 /* DashboardData.swift */ = {isa = PBXFileReference; lastKnownFileType = sourcecode.swift; path = DashboardData.swift; sourceTree = "<group>"; };
		B1000018 /* Projection.swift */ = {isa = PBXFileReference; lastKnownFileType = sourcecode.swift; path = Projection.swift; sourceTree = "<group>"; };
		B1000020 /* APIService.swift */ = {isa = PBXFileReference; lastKnownFileType = sourcecode.swift; path = APIService.swift; sourceTree = "<group>"; };
		B1000021 /* AuthService.swift */ = {isa = PBXFileReference; lastKnownFileType = sourcecode.swift; path = AuthService.swift; sourceTree = "<group>"; };
		B1000022 /* KeychainHelper.swift */ = {isa = PBXFileReference; lastKnownFileType = sourcecode.swift; path = KeychainHelper.swift; sourceTree = "<group>"; };
		B1000030 /* DashboardViewModel.swift */ = {isa = PBXFileReference; lastKnownFileType = sourcecode.swift; path = DashboardViewModel.swift; sourceTree = "<group>"; };
		B1000031 /* DailyViewModel.swift */ = {isa = PBXFileReference; lastKnownFileType = sourcecode.swift; path = DailyViewModel.swift; sourceTree = "<group>"; };
		B1000032 /* GoalsViewModel.swift */ = {isa = PBXFileReference; lastKnownFileType = sourcecode.swift; path = GoalsViewModel.swift; sourceTree = "<group>"; };
		B1000033 /* BudgetViewModel.swift */ = {isa = PBXFileReference; lastKnownFileType = sourcecode.swift; path = BudgetViewModel.swift; sourceTree = "<group>"; };
		B1000034 /* SummaryViewModel.swift */ = {isa = PBXFileReference; lastKnownFileType = sourcecode.swift; path = SummaryViewModel.swift; sourceTree = "<group>"; };
		B1000035 /* ChatViewModel.swift */ = {isa = PBXFileReference; lastKnownFileType = sourcecode.swift; path = ChatViewModel.swift; sourceTree = "<group>"; };
		B1000040 /* DashboardView.swift */ = {isa = PBXFileReference; lastKnownFileType = sourcecode.swift; path = DashboardView.swift; sourceTree = "<group>"; };
		B1000041 /* DailyView.swift */ = {isa = PBXFileReference; lastKnownFileType = sourcecode.swift; path = DailyView.swift; sourceTree = "<group>"; };
		B1000042 /* GoalsView.swift */ = {isa = PBXFileReference; lastKnownFileType = sourcecode.swift; path = GoalsView.swift; sourceTree = "<group>"; };
		B1000043 /* GoalFormView.swift */ = {isa = PBXFileReference; lastKnownFileType = sourcecode.swift; path = GoalFormView.swift; sourceTree = "<group>"; };
		B1000044 /* BudgetView.swift */ = {isa = PBXFileReference; lastKnownFileType = sourcecode.swift; path = BudgetView.swift; sourceTree = "<group>"; };
		B1000045 /* SummaryView.swift */ = {isa = PBXFileReference; lastKnownFileType = sourcecode.swift; path = SummaryView.swift; sourceTree = "<group>"; };
		B1000046 /* AIChatView.swift */ = {isa = PBXFileReference; lastKnownFileType = sourcecode.swift; path = AIChatView.swift; sourceTree = "<group>"; };
		B1000047 /* LoginView.swift */ = {isa = PBXFileReference; lastKnownFileType = sourcecode.swift; path = LoginView.swift; sourceTree = "<group>"; };
		B1000050 /* FREMCard.swift */ = {isa = PBXFileReference; lastKnownFileType = sourcecode.swift; path = FREMCard.swift; sourceTree = "<group>"; };
		B1000051 /* KPICard.swift */ = {isa = PBXFileReference; lastKnownFileType = sourcecode.swift; path = KPICard.swift; sourceTree = "<group>"; };
		B1000052 /* GoalProjectionCard.swift */ = {isa = PBXFileReference; lastKnownFileType = sourcecode.swift; path = GoalProjectionCard.swift; sourceTree = "<group>"; };
		B1000053 /* TransactionRow.swift */ = {isa = PBXFileReference; lastKnownFileType = sourcecode.swift; path = TransactionRow.swift; sourceTree = "<group>"; };
		B1000054 /* ProgressRing.swift */ = {isa = PBXFileReference; lastKnownFileType = sourcecode.swift; path = ProgressRing.swift; sourceTree = "<group>"; };
		B1000060 /* Theme.swift */ = {isa = PBXFileReference; lastKnownFileType = sourcecode.swift; path = Theme.swift; sourceTree = "<group>"; };
		B1000061 /* Extensions.swift */ = {isa = PBXFileReference; lastKnownFileType = sourcecode.swift; path = Extensions.swift; sourceTree = "<group>"; };
		B1000062 /* Constants.swift */ = {isa = PBXFileReference; lastKnownFileType = sourcecode.swift; path = Constants.swift; sourceTree = "<group>"; };
		C1000000 /* FREM.app */ = {isa = PBXFileReference; explicitFileType = wrapper.application; includeInIndex = 0; path = FREM.app; sourceTree = BUILT_PRODUCTS_DIR; };
/* End PBXFileReference section */

/* Begin PBXFrameworksBuildPhase section */
		D1000000 /* Frameworks */ = {
			isa = PBXFrameworksBuildPhase;
			buildActionMask = 2147483647;
			files = (
				3641DB2B2F2E9B2F00B98A71 /* GoogleSignIn in Frameworks */,
				3641DB2D2F2E9B2F00B98A71 /* GoogleSignInSwift in Frameworks */,
			);
			runOnlyForDeploymentPostprocessing = 0;
		};
/* End PBXFrameworksBuildPhase section */

/* Begin PBXGroup section */
		E1000000 = {
			isa = PBXGroup;
			children = (
				E1000001 /* FREM */,
				E1000099 /* Products */,
			);
			sourceTree = "<group>";
		};
		E1000001 /* FREM */ = {
			isa = PBXGroup;
			children = (
				3641DB2E2F2E9EC100B98A71 /* Info.plist */,
				B1000001 /* FREMApp.swift */,
				B1000002 /* ContentView.swift */,
				B1000003 /* Assets.xcassets */,
				E1000010 /* Models */,
				E1000020 /* Services */,
				E1000030 /* ViewModels */,
				E1000040 /* Views */,
				E1000050 /* Components */,
				E1000060 /* Utilities */,
			);
			path = FREM;
			sourceTree = "<group>";
		};
		E1000010 /* Models */ = {
			isa = PBXGroup;
			children = (
				B1000010 /* User.swift */,
				B1000011 /* Transaction.swift */,
				B1000012 /* Goal.swift */,
				B1000013 /* RecurringExpense.swift */,
				B1000014 /* IncomeSource.swift */,
				B1000015 /* SideProject.swift */,
				B1000016 /* Milestone.swift */,
				B1000017 /* DashboardData.swift */,
				B1000018 /* Projection.swift */,
			);
			path = Models;
			sourceTree = "<group>";
		};
		E1000020 /* Services */ = {
			isa = PBXGroup;
			children = (
				B1000020 /* APIService.swift */,
				B1000021 /* AuthService.swift */,
				B1000022 /* KeychainHelper.swift */,
			);
			path = Services;
			sourceTree = "<group>";
		};
		E1000030 /* ViewModels */ = {
			isa = PBXGroup;
			children = (
				B1000030 /* DashboardViewModel.swift */,
				B1000031 /* DailyViewModel.swift */,
				B1000032 /* GoalsViewModel.swift */,
				B1000033 /* BudgetViewModel.swift */,
				B1000034 /* SummaryViewModel.swift */,
				B1000035 /* ChatViewModel.swift */,
			);
			path = ViewModels;
			sourceTree = "<group>";
		};
		E1000040 /* Views */ = {
			isa = PBXGroup;
			children = (
				E1000041 /* Dashboard */,
				E1000042 /* Daily */,
				E1000043 /* Goals */,
				E1000044 /* Budget */,
				E1000045 /* Summary */,
				E1000046 /* Chat */,
				E1000047 /* Auth */,
			);
			path = Views;
			sourceTree = "<group>";
		};
		E1000041 /* Dashboard */ = {
			isa = PBXGroup;
			children = (
				B1000040 /* DashboardView.swift */,
			);
			path = Dashboard;
			sourceTree = "<group>";
		};
		E1000042 /* Daily */ = {
			isa = PBXGroup;
			children = (
				B1000041 /* DailyView.swift */,
			);
			path = Daily;
			sourceTree = "<group>";
		};
		E1000043 /* Goals */ = {
			isa = PBXGroup;
			children = (
				B1000042 /* GoalsView.swift */,
				B1000043 /* GoalFormView.swift */,
			);
			path = Goals;
			sourceTree = "<group>";
		};
		E1000044 /* Budget */ = {
			isa = PBXGroup;
			children = (
				B1000044 /* BudgetView.swift */,
			);
			path = Budget;
			sourceTree = "<group>";
		};
		E1000045 /* Summary */ = {
			isa = PBXGroup;
			children = (
				B1000045 /* SummaryView.swift */,
			);
			path = Summary;
			sourceTree = "<group>";
		};
		E1000046 /* Chat */ = {
			isa = PBXGroup;
			children = (
				B1000046 /* AIChatView.swift */,
			);
			path = Chat;
			sourceTree = "<group>";
		};
		E1000047 /* Auth */ = {
			isa = PBXGroup;
			children = (
				B1000047 /* LoginView.swift */,
			);
			path = Auth;
			sourceTree = "<group>";
		};
		E1000050 /* Components */ = {
			isa = PBXGroup;
			children = (
				B1000050 /* FREMCard.swift */,
				B1000051 /* KPICard.swift */,
				B1000052 /* GoalProjectionCard.swift */,
				B1000053 /* TransactionRow.swift */,
				B1000054 /* ProgressRing.swift */,
			);
			path = Components;
			sourceTree = "<group>";
		};
		E1000060 /* Utilities */ = {
			isa = PBXGroup;
			children = (
				B1000060 /* Theme.swift */,
				B1000061 /* Extensions.swift */,
				B1000062 /* Constants.swift */,
			);
			path = Utilities;
			sourceTree = "<group>";
		};
		E1000099 /* Products */ = {
			isa = PBXGroup;
			children = (
				C1000000 /* FREM.app */,
			);
			name = Products;
			sourceTree = "<group>";
		};
/* End PBXGroup section */

/* Begin PBXNativeTarget section */
		F1000000 /* FREM */ = {
			isa = PBXNativeTarget;
			buildConfigurationList = F1000010 /* Build configuration list for PBXNativeTarget "FREM" */;
			buildPhases = (
				F1000001 /* Sources */,
				D1000000 /* Frameworks */,
				F1000002 /* Resources */,
			);
			buildRules = (
			);
			dependencies = (
			);
			name = FREM;
			productName = FREM;
			productReference = C1000000 /* FREM.app */;
			productType = "com.apple.product-type.application";
		};
/* End PBXNativeTarget section */

/* Begin PBXProject section */
		F2000000 /* Project object */ = {
			isa = PBXProject;
			attributes = {
				BuildIndependentTargetsInParallel = 1;
				LastSwiftUpdateCheck = 1540;
				LastUpgradeCheck = 1540;
				TargetAttributes = {
					F1000000 = {
						CreatedOnToolsVersion = 15.4;
					};
				};
			};
			buildConfigurationList = F2000010 /* Build configuration list for PBXProject "FREMApp" */;
			compatibilityVersion = "Xcode 14.0";
			developmentRegion = en;
			hasScannedForEncodings = 0;
			knownRegions = (
				en,
				Base,
			);
			mainGroup = E1000000;
			packageReferences = (
				3641DB292F2E9B2F00B98A71 /* XCRemoteSwiftPackageReference "GoogleSignIn-iOS" */,
			);
			productRefGroup = E1000099 /* Products */;
			projectDirPath = "";
			projectRoot = "";
			targets = (
				F1000000 /* FREM */,
			);
		};
/* End PBXProject section */

/* Begin PBXResourcesBuildPhase section */
		F1000002 /* Resources */ = {
			isa = PBXResourcesBuildPhase;
			buildActionMask = 2147483647;
			files = (
				A1000003 /* Assets.xcassets in Resources */,
			);
			runOnlyForDeploymentPostprocessing = 0;
		};
/* End PBXResourcesBuildPhase section */

/* Begin PBXSourcesBuildPhase section */
		F1000001 /* Sources */ = {
			isa = PBXSourcesBuildPhase;
			buildActionMask = 2147483647;
			files = (
				A1000001 /* FREMApp.swift in Sources */,
				A1000002 /* ContentView.swift in Sources */,
				A1000010 /* User.swift in Sources */,
				A1000011 /* Transaction.swift in Sources */,
				A1000012 /* Goal.swift in Sources */,
				A1000013 /* RecurringExpense.swift in Sources */,
				A1000014 /* IncomeSource.swift in Sources */,
				A1000015 /* SideProject.swift in Sources */,
				A1000016 /* Milestone.swift in Sources */,
				A1000017 /* DashboardData.swift in Sources */,
				A1000018 /* Projection.swift in Sources */,
				A1000020 /* APIService.swift in Sources */,
				A1000021 /* AuthService.swift in Sources */,
				A1000022 /* KeychainHelper.swift in Sources */,
				A1000030 /* DashboardViewModel.swift in Sources */,
				A1000031 /* DailyViewModel.swift in Sources */,
				A1000032 /* GoalsViewModel.swift in Sources */,
				A1000033 /* BudgetViewModel.swift in Sources */,
				A1000034 /* SummaryViewModel.swift in Sources */,
				A1000035 /* ChatViewModel.swift in Sources */,
				A1000040 /* DashboardView.swift in Sources */,
				A1000041 /* DailyView.swift in Sources */,
				A1000042 /* GoalsView.swift in Sources */,
				A1000043 /* GoalFormView.swift in Sources */,
				A1000044 /* BudgetView.swift in Sources */,
				A1000045 /* SummaryView.swift in Sources */,
				A1000046 /* AIChatView.swift in Sources */,
				A1000047 /* LoginView.swift in Sources */,
				A1000050 /* FREMCard.swift in Sources */,
				A1000051 /* KPICard.swift in Sources */,
				A1000052 /* GoalProjectionCard.swift in Sources */,
				A1000053 /* TransactionRow.swift in Sources */,
				A1000054 /* ProgressRing.swift in Sources */,
				A1000060 /* Theme.swift in Sources */,
				A1000061 /* Extensions.swift in Sources */,
				A1000062 /* Constants.swift in Sources */,
			);
			runOnlyForDeploymentPostprocessing = 0;
		};
/* End PBXSourcesBuildPhase section */

/* Begin XCBuildConfiguration section */
		G1000001 /* Debug */ = {
			isa = XCBuildConfiguration;
			buildSettings = {
				ALWAYS_SEARCH_USER_PATHS = NO;
				ASSETCATALOG_COMPILER_GENERATE_SWIFT_ASSET_SYMBOL_EXTENSIONS = YES;
				CLANG_ANALYZER_NONNULL = YES;
				CLANG_CXX_LANGUAGE_STANDARD = "gnu++20";
				CLANG_ENABLE_MODULES = YES;
				CLANG_ENABLE_OBJC_ARC = YES;
				CLANG_WARN_BLOCK_CAPTURE_AUTORELEASING = YES;
				CLANG_WARN_BOOL_CONVERSION = YES;
				CLANG_WARN_COMMA = YES;
				CLANG_WARN_CONSTANT_CONVERSION = YES;
				CLANG_WARN_DEPRECATED_OBJC_IMPLEMENTATIONS = YES;
				CLANG_WARN_DIRECT_OBJC_ISA_USAGE = YES_ERROR;
				CLANG_WARN_EMPTY_BODY = YES;
				CLANG_WARN_ENUM_CONVERSION = YES;
				CLANG_WARN_INFINITE_RECURSION = YES;
				CLANG_WARN_INT_CONVERSION = YES;
				CLANG_WARN_OBJC_IMPLICIT_RETAIN_SELF = YES;
				CLANG_WARN_OBJC_LITERAL_CONVERSION = YES;
				CLANG_WARN_OBJC_ROOT_CLASS = YES_ERROR;
				CLANG_WARN_QUOTED_INCLUDE_IN_FRAMEWORK_HEADER = YES;
				CLANG_WARN_RANGE_LOOP_ANALYSIS = YES;
				CLANG_WARN_STRICT_PROTOTYPES = YES;
				CLANG_WARN_SUSPICIOUS_MOVE = YES;
				CLANG_WARN_UNGUARDED_AVAILABILITY = YES_AGGRESSIVE;
				CLANG_WARN_UNREACHABLE_CODE = YES;
				COPY_PHASE_STRIP = NO;
				DEBUG_INFORMATION_FORMAT = dwarf;
				ENABLE_STRICT_OBJC_MSGSEND = YES;
				ENABLE_TESTABILITY = YES;
				ENABLE_USER_SCRIPT_SANDBOXING = YES;
				GCC_C_LANGUAGE_STANDARD = gnu17;
				GCC_DYNAMIC_NO_PIC = NO;
				GCC_NO_COMMON_BLOCKS = YES;
				GCC_OPTIMIZATION_LEVEL = 0;
				GCC_PREPROCESSOR_DEFINITIONS = (
					"DEBUG=1",
					"$(inherited)",
				);
				GCC_WARN_64_TO_32_BIT_CONVERSION = YES;
				GCC_WARN_ABOUT_RETURN_TYPE = YES_ERROR;
				GCC_WARN_UNDECLARED_SELECTOR = YES;
				GCC_WARN_UNINITIALIZED_AUTOS = YES_AGGRESSIVE;
				GCC_WARN_UNUSED_FUNCTION = YES;
				GCC_WARN_UNUSED_VARIABLE = YES;
				IPHONEOS_DEPLOYMENT_TARGET = 17.0;
				MTL_ENABLE_DEBUG_INFO = INCLUDE_SOURCE;
				MTL_FAST_MATH = YES;
				ONLY_ACTIVE_ARCH = YES;
				SDKROOT = iphoneos;
				SWIFT_ACTIVE_COMPILATION_CONDITIONS = "$(inherited) DEBUG";
				SWIFT_OPTIMIZATION_LEVEL = "-Onone";
			};
			name = Debug;
		};
		G1000002 /* Release */ = {
			isa = XCBuildConfiguration;
			buildSettings = {
				ALWAYS_SEARCH_USER_PATHS = NO;
				ASSETCATALOG_COMPILER_GENERATE_SWIFT_ASSET_SYMBOL_EXTENSIONS = YES;
				CLANG_ANALYZER_NONNULL = YES;
				CLANG_CXX_LANGUAGE_STANDARD = "gnu++20";
				CLANG_ENABLE_MODULES = YES;
				CLANG_ENABLE_OBJC_ARC = YES;
				CLANG_WARN_BLOCK_CAPTURE_AUTORELEASING = YES;
				CLANG_WARN_BOOL_CONVERSION = YES;
				CLANG_WARN_COMMA = YES;
				CLANG_WARN_CONSTANT_CONVERSION = YES;
				CLANG_WARN_DEPRECATED_OBJC_IMPLEMENTATIONS = YES;
				CLANG_WARN_DIRECT_OBJC_ISA_USAGE = YES_ERROR;
				CLANG_WARN_EMPTY_BODY = YES;
				CLANG_WARN_ENUM_CONVERSION = YES;
				CLANG_WARN_INFINITE_RECURSION = YES;
				CLANG_WARN_INT_CONVERSION = YES;
				CLANG_WARN_OBJC_IMPLICIT_RETAIN_SELF = YES;
				CLANG_WARN_OBJC_LITERAL_CONVERSION = YES;
				CLANG_WARN_OBJC_ROOT_CLASS = YES_ERROR;
				CLANG_WARN_QUOTED_INCLUDE_IN_FRAMEWORK_HEADER = YES;
				CLANG_WARN_RANGE_LOOP_ANALYSIS = YES;
				CLANG_WARN_STRICT_PROTOTYPES = YES;
				CLANG_WARN_SUSPICIOUS_MOVE = YES;
				CLANG_WARN_UNGUARDED_AVAILABILITY = YES_AGGRESSIVE;
				CLANG_WARN_UNREACHABLE_CODE = YES;
				COPY_PHASE_STRIP = NO;
				DEBUG_INFORMATION_FORMAT = "dwarf-with-dsym";
				ENABLE_NS_ASSERTIONS = NO;
				ENABLE_STRICT_OBJC_MSGSEND = YES;
				ENABLE_USER_SCRIPT_SANDBOXING = YES;
				GCC_C_LANGUAGE_STANDARD = gnu17;
				GCC_NO_COMMON_BLOCKS = YES;
				GCC_WARN_64_TO_32_BIT_CONVERSION = YES;
				GCC_WARN_ABOUT_RETURN_TYPE = YES_ERROR;
				GCC_WARN_UNDECLARED_SELECTOR = YES;
				GCC_WARN_UNINITIALIZED_AUTOS = YES_AGGRESSIVE;
				GCC_WARN_UNUSED_FUNCTION = YES;
				GCC_WARN_UNUSED_VARIABLE = YES;
				IPHONEOS_DEPLOYMENT_TARGET = 17.0;
				MTL_ENABLE_DEBUG_INFO = NO;
				MTL_FAST_MATH = YES;
				SDKROOT = iphoneos;
				SWIFT_COMPILATION_MODE = wholemodule;
				VALIDATE_PRODUCT = YES;
			};
			name = Release;
		};
		G1000011 /* Debug */ = {
			isa = XCBuildConfiguration;
			buildSettings = {
				ASSETCATALOG_COMPILER_APPICON_NAME = AppIcon;
				ASSETCATALOG_COMPILER_GLOBAL_ACCENT_COLOR_NAME = AccentColor;
				CODE_SIGN_STYLE = Automatic;
				CURRENT_PROJECT_VERSION = 1;
				DEVELOPMENT_TEAM = Y8TJKJRU9V;
				ENABLE_PREVIEWS = YES;
				GENERATE_INFOPLIST_FILE = YES;
				INFOPLIST_FILE = FREM/Info.plist;
				INFOPLIST_KEY_CFBundleDisplayName = FREM;
				INFOPLIST_KEY_UIApplicationSceneManifest_Generation = YES;
				INFOPLIST_KEY_UIApplicationSupportsIndirectInputEvents = YES;
				INFOPLIST_KEY_UILaunchScreen_Generation = YES;
				INFOPLIST_KEY_UISupportedInterfaceOrientations_iPad = "UIInterfaceOrientationPortrait UIInterfaceOrientationPortraitUpsideDown UIInterfaceOrientationLandscapeLeft UIInterfaceOrientationLandscapeRight";
				INFOPLIST_KEY_UISupportedInterfaceOrientations_iPhone = "UIInterfaceOrientationPortrait UIInterfaceOrientationLandscapeLeft UIInterfaceOrientationLandscapeRight";
				LD_RUNPATH_SEARCH_PATHS = (
					"$(inherited)",
					"@executable_path/Frameworks",
				);
				MARKETING_VERSION = 1.0;
				PRODUCT_BUNDLE_IDENTIFIER = com.frem.app;
				PRODUCT_NAME = "$(TARGET_NAME)";
				SUPPORTED_PLATFORMS = "iphoneos iphonesimulator";
				SUPPORTS_MACCATALYST = NO;
				SWIFT_EMIT_LOC_STRINGS = YES;
				SWIFT_STRICT_CONCURRENCY = complete;
				SWIFT_VERSION = 5.0;
				TARGETED_DEVICE_FAMILY = "1,2";
			};
			name = Debug;
		};
		G1000012 /* Release */ = {
			isa = XCBuildConfiguration;
			buildSettings = {
				ASSETCATALOG_COMPILER_APPICON_NAME = AppIcon;
				ASSETCATALOG_COMPILER_GLOBAL_ACCENT_COLOR_NAME = AccentColor;
				CODE_SIGN_STYLE = Automatic;
				CURRENT_PROJECT_VERSION = 1;
				DEVELOPMENT_TEAM = Y8TJKJRU9V;
				ENABLE_PREVIEWS = YES;
				GENERATE_INFOPLIST_FILE = YES;
				INFOPLIST_FILE = FREM/Info.plist;
				INFOPLIST_KEY_CFBundleDisplayName = FREM;
				INFOPLIST_KEY_UIApplicationSceneManifest_Generation = YES;
				INFOPLIST_KEY_UIApplicationSupportsIndirectInputEvents = YES;
				INFOPLIST_KEY_UILaunchScreen_Generation = YES;
				INFOPLIST_KEY_UISupportedInterfaceOrientations_iPad = "UIInterfaceOrientationPortrait UIInterfaceOrientationPortraitUpsideDown UIInterfaceOrientationLandscapeLeft UIInterfaceOrientationLandscapeRight";
				INFOPLIST_KEY_UISupportedInterfaceOrientations_iPhone = "UIInterfaceOrientationPortrait UIInterfaceOrientationLandscapeLeft UIInterfaceOrientationLandscapeRight";
				LD_RUNPATH_SEARCH_PATHS = (
					"$(inherited)",
					"@executable_path/Frameworks",
				);
				MARKETING_VERSION = 1.0;
				PRODUCT_BUNDLE_IDENTIFIER = com.frem.app;
				PRODUCT_NAME = "$(TARGET_NAME)";
				SUPPORTED_PLATFORMS = "iphoneos iphonesimulator";
				SUPPORTS_MACCATALYST = NO;
				SWIFT_EMIT_LOC_STRINGS = YES;
				SWIFT_STRICT_CONCURRENCY = complete;
				SWIFT_VERSION = 5.0;
				TARGETED_DEVICE_FAMILY = "1,2";
			};
			name = Release;
		};
/* End XCBuildConfiguration section */

/* Begin XCConfigurationList section */
		F1000010 /* Build configuration list for PBXNativeTarget "FREM" */ = {
			isa = XCConfigurationList;
			buildConfigurations = (
				G1000011 /* Debug */,
				G1000012 /* Release */,
			);
			defaultConfigurationIsVisible = 0;
			defaultConfigurationName = Release;
		};
		F2000010 /* Build configuration list for PBXProject "FREMApp" */ = {
			isa = XCConfigurationList;
			buildConfigurations = (
				G1000001 /* Debug */,
				G1000002 /* Release */,
			);
			defaultConfigurationIsVisible = 0;
			defaultConfigurationName = Release;
		};
/* End XCConfigurationList section */

/* Begin XCRemoteSwiftPackageReference section */
		3641DB292F2E9B2F00B98A71 /* XCRemoteSwiftPackageReference "GoogleSignIn-iOS" */ = {
			isa = XCRemoteSwiftPackageReference;
			repositoryURL = "https://github.com/google/GoogleSignIn-iOS";
			requirement = {
				kind = upToNextMajorVersion;
				minimumVersion = 9.1.0;
			};
		};
/* End XCRemoteSwiftPackageReference section */

/* Begin XCSwiftPackageProductDependency section */
		3641DB2A2F2E9B2F00B98A71 /* GoogleSignIn */ = {
			isa = XCSwiftPackageProductDependency;
			package = 3641DB292F2E9B2F00B98A71 /* XCRemoteSwiftPackageReference "GoogleSignIn-iOS" */;
			productName = GoogleSignIn;
		};
		3641DB2C2F2E9B2F00B98A71 /* GoogleSignInSwift */ = {
			isa = XCSwiftPackageProductDependency;
			package = 3641DB292F2E9B2F00B98A71 /* XCRemoteSwiftPackageReference "GoogleSignIn-iOS" */;
			productName = GoogleSignInSwift;
		};
/* End XCSwiftPackageProductDependency section */
	};
	rootObject = F2000000 /* Project object */;
}
